
Microsoft Visual Studio Solution File, Format Version 12.00
# Visual Studio Version 17
VisualStudioVersion = 17.0.31903.59
MinimumVisualStudioVersion = 10.0.40219.1
Project("{2150E333-8FDC-42A3-9474-1A3956D46DE8}") = "src", "src", "{532B8E51-7125-431C-B9CB-F424A5BC3BC9}"
EndProject
Project("{2150E333-8FDC-42A3-9474-1A3956D46DE8}") = "test", "test", "{97CE633B-3302-426F-BAD7-D42324F0A02E}"
EndProject
Project("{9A19103F-16F7-4668-BE54-9A1E7A4F7556}") = "SmartVectorDotNet", "SmartVectorDotNet\SmartVectorDotNet.csproj", "{65752951-09AE-4EB8-856C-24DCC06C2FB8}"
EndProject
Project("{9A19103F-16F7-4668-BE54-9A1E7A4F7556}") = "SmartVectorDotNet.Generators", "SmartVectorDotNet.Generators\SmartVectorDotNet.Generators.csproj", "{D246E915-6DEF-4CC9-A62D-C5D232CFDABB}"
EndProject
Project("{9A19103F-16F7-4668-BE54-9A1E7A4F7556}") = "SmartVectorDotNet.Test", "SmartVectorDotNet.Test\SmartVectorDotNet.Test.csproj", "{8A2DD2A4-59CE-47CF-BDC7-C43E7DD04308}"
EndProject
Global
	GlobalSection(SolutionConfigurationPlatforms) = preSolution
		Debug|Any CPU = Debug|Any CPU
		Release|Any CPU = Release|Any CPU
	EndGlobalSection
	GlobalSection(ProjectConfigurationPlatforms) = postSolution
		{65752951-09AE-4EB8-856C-24DCC06C2FB8}.Debug|Any CPU.ActiveCfg = Debug|Any CPU
		{65752951-09AE-4EB8-856C-24DCC06C2FB8}.Debug|Any CPU.Build.0 = Debug|Any CPU
		{65752951-09AE-4EB8-856C-24DCC06C2FB8}.Release|Any CPU.ActiveCfg = Release|Any CPU
		{65752951-09AE-4EB8-856C-24DCC06C2FB8}.Release|Any CPU.Build.0 = Release|Any CPU
		{D246E915-6DEF-4CC9-A62D-C5D232CFDABB}.Debug|Any CPU.ActiveCfg = Debug|Any CPU
		{D246E915-6DEF-4CC9-A62D-C5D232CFDABB}.Debug|Any CPU.Build.0 = Debug|Any CPU
		{D246E915-6DEF-4CC9-A62D-C5D232CFDABB}.Release|Any CPU.ActiveCfg = Release|Any CPU
		{D246E915-6DEF-4CC9-A62D-C5D232CFDABB}.Release|Any CPU.Build.0 = Release|Any CPU
		{8A2DD2A4-59CE-47CF-BDC7-C43E7DD04308}.Debug|Any CPU.ActiveCfg = Debug|Any CPU
		{8A2DD2A4-59CE-47CF-BDC7-C43E7DD04308}.Debug|Any CPU.Build.0 = Debug|Any CPU
		{8A2DD2A4-59CE-47CF-BDC7-C43E7DD04308}.Release|Any CPU.ActiveCfg = Release|Any CPU
		{8A2DD2A4-59CE-47CF-BDC7-C43E7DD04308}.Release|Any CPU.Build.0 = Release|Any CPU
	EndGlobalSection
	GlobalSection(SolutionProperties) = preSolution
		HideSolutionNode = FALSE
	EndGlobalSection
	GlobalSection(NestedProjects) = preSolution
		{65752951-09AE-4EB8-856C-24DCC06C2FB8} = {532B8E51-7125-431C-B9CB-F424A5BC3BC9}
		{D246E915-6DEF-4CC9-A62D-C5D232CFDABB} = {532B8E51-7125-431C-B9CB-F424A5BC3BC9}
		{8A2DD2A4-59CE-47CF-BDC7-C43E7DD04308} = {97CE633B-3302-426F-BAD7-D42324F0A02E}
	EndGlobalSection
EndGlobal
