<Solution>
  <Folder Name="/src/">
    <Project Path="SmartVectorDotNet.Generators/SmartVectorDotNet.Generators.csproj" />
    <Project Path="SmartVectorDotNet/SmartVectorDotNet.csproj" />
  </Folder>
  <Folder Name="/submodules/">
    <Project Path="../../GenericSpecializationGenerator/submodules/SourceGeneratorToolkit/src/SourceGeneratorToolkit/SourceGeneratorToolkit.csproj" />
    <Project Path="../subrepos/GenericSpecializationGenerator/src/GenericSpecializationGenerator/GenericSpecializationGenerator.csproj" />
  </Folder>
  <Folder Name="/test/">
    <Project Path="SmartVectorDotNet.Benchmark/SmartVectorDotNet.Benchmark.csproj" />
    <Project Path="SmartVectorDotNet.Test.Legacy/SmartVectorDotNet.Test.Legacy.csproj" />
    <Project Path="SmartVectorDotNet.Test/SmartVectorDotNet.Test.csproj" />
  </Folder>
  <Folder Name="/verification/">
    <File Path="verification/readme.md" />
    <Project Path="verification/SmartVectorBenchmarks/SmartVectorBenchmarks.csproj" />
    <Project Path="verification/SmartVectorPoC/SmartVectorPoC.csproj" />
  </Folder>
</Solution>
